
Microsoft Visual Studio Solution File, Format Version 12.00
# Visual Studio Version 17
VisualStudioVersion = 17.2.32210.308
MinimumVisualStudioVersion = 10.0.40219.1
Project("{9A19103F-16F7-4668-BE54-9A1E7A4F7556}") = "YouShouldSpellcheck.Analyzer.Test", "YouShouldSpellcheck.Analyzer.Test\YouShouldSpellcheck.Analyzer.Test.csproj", "{6DC16588-ED52-4556-9648-91093CD330A6}"
EndProject
Project("{9A19103F-16F7-4668-BE54-9A1E7A4F7556}") = "YouShouldSpellcheck.Analyzer", "YouShouldSpellcheck.Analyzer\YouShouldSpellcheck.Analyzer.csproj", "{4144CA13-81AF-46B2-A90B-765344FB35BE}"
EndProject
Global
	GlobalSection(SolutionConfigurationPlatforms) = preSolution
		Debug|Any CPU = Debug|Any CPU
		Release|Any CPU = Release|Any CPU
	EndGlobalSection
	GlobalSection(ProjectConfigurationPlatforms) = postSolution
		{6DC16588-ED52-4556-9648-91093CD330A6}.Debug|Any CPU.ActiveCfg = Debug|Any CPU
		{6DC16588-ED52-4556-9648-91093CD330A6}.Debug|Any CPU.Build.0 = Debug|Any CPU
		{6DC16588-ED52-4556-9648-91093CD330A6}.Release|Any CPU.ActiveCfg = Release|Any CPU
		{6DC16588-ED52-4556-9648-91093CD330A6}.Release|Any CPU.Build.0 = Release|Any CPU
		{4144CA13-81AF-46B2-A90B-765344FB35BE}.Debug|Any CPU.ActiveCfg = Debug|Any CPU
		{4144CA13-81AF-46B2-A90B-765344FB35BE}.Debug|Any CPU.Build.0 = Debug|Any CPU
		{4144CA13-81AF-46B2-A90B-765344FB35BE}.Release|Any CPU.ActiveCfg = Release|Any CPU
		{4144CA13-81AF-46B2-A90B-765344FB35BE}.Release|Any CPU.Build.0 = Release|Any CPU
		{4459FAAE-EC54-4343-BC4E-C98EC43559E7}.Debug|Any CPU.ActiveCfg = Debug|Any CPU
		{4459FAAE-EC54-4343-BC4E-C98EC43559E7}.Debug|Any CPU.Build.0 = Debug|Any CPU
		{4459FAAE-EC54-4343-BC4E-C98EC43559E7}.Release|Any CPU.ActiveCfg = Release|Any CPU
		{4459FAAE-EC54-4343-BC4E-C98EC43559E7}.Release|Any CPU.Build.0 = Release|Any CPU
	EndGlobalSection
	GlobalSection(SolutionProperties) = preSolution
		HideSolutionNode = FALSE
	EndGlobalSection
	GlobalSection(ExtensibilityGlobals) = postSolution
		SolutionGuid = {C6234D18-CA97-4EFE-BDE4-0E06F8E4F54A}
	EndGlobalSection
EndGlobal
